
Microsoft Visual Studio Solution File, Format Version 12.00
# Visual Studio Version 17
VisualStudioVersion = 17.5.002.0
MinimumVisualStudioVersion = 10.0.40219.1
Project("{9A19103F-16F7-4668-BE54-9A1E7A4F7556}") = "InvestmentApp", "InvestmentApp.csproj", "{F1880FD1-9CDB-4DFC-A40F-16259A32D592}"
EndProject
Global
	GlobalSection(SolutionConfigurationPlatforms) = preSolution
		Debug|Any CPU = Debug|Any CPU
		Release|Any CPU = Release|Any CPU
	EndGlobalSection
	GlobalSection(ProjectConfigurationPlatforms) = postSolution
		{F1880FD1-9CDB-4DFC-A40F-16259A32D592}.Debug|Any CPU.ActiveCfg = Debug|Any CPU
		{F1880FD1-9CDB-4DFC-A40F-16259A32D592}.Debug|Any CPU.Build.0 = Debug|Any CPU
		{F1880FD1-9CDB-4DFC-A40F-16259A32D592}.Release|Any CPU.ActiveCfg = Release|Any CPU
		{F1880FD1-9CDB-4DFC-A40F-16259A32D592}.Release|Any CPU.Build.0 = Release|Any CPU
	EndGlobalSection
	GlobalSection(SolutionProperties) = preSolution
		HideSolutionNode = FALSE
	EndGlobalSection
	GlobalSection(ExtensibilityGlobals) = postSolution
		SolutionGuid = {15E745D3-846B-4DEF-8E91-0C85F7BE4C31}
	EndGlobalSection
EndGlobal
